
Microsoft Visual Studio Solution File, Format Version 12.00
# Visual Studio Version 17
VisualStudioVersion = 17.12.35707.178
MinimumVisualStudioVersion = 10.0.40219.1
Project("{FAE04EC0-301F-11D3-BF4B-00C04F79EFBC}") = "ClassLibrary2", "ClassLibrary2.csproj", "{8F77A37C-ED6C-4BBA-A668-322D5C456534}"
EndProject
Project("{FAE04EC0-301F-11D3-BF4B-00C04F79EFBC}") = "Client_App_2", "..\Client_App_2\Client_App_2.csproj", "{B1F8384E-E0E3-417E-ADE2-4EEA855764F5}"
EndProject
Global
	GlobalSection(SolutionConfigurationPlatforms) = preSolution
		Debug|Any CPU = Debug|Any CPU
		Release|Any CPU = Release|Any CPU
	EndGlobalSection
	GlobalSection(ProjectConfigurationPlatforms) = postSolution
		{8F77A37C-ED6C-4BBA-A668-322D5C456534}.Debug|Any CPU.ActiveCfg = Debug|Any CPU
		{8F77A37C-ED6C-4BBA-A668-322D5C456534}.Debug|Any CPU.Build.0 = Debug|Any CPU
		{8F77A37C-ED6C-4BBA-A668-322D5C456534}.Release|Any CPU.ActiveCfg = Release|Any CPU
		{8F77A37C-ED6C-4BBA-A668-322D5C456534}.Release|Any CPU.Build.0 = Release|Any CPU
		{B1F8384E-E0E3-417E-ADE2-4EEA855764F5}.Debug|Any CPU.ActiveCfg = Debug|Any CPU
		{B1F8384E-E0E3-417E-ADE2-4EEA855764F5}.Debug|Any CPU.Build.0 = Debug|Any CPU
		{B1F8384E-E0E3-417E-ADE2-4EEA855764F5}.Release|Any CPU.ActiveCfg = Release|Any CPU
		{B1F8384E-E0E3-417E-ADE2-4EEA855764F5}.Release|Any CPU.Build.0 = Release|Any CPU
	EndGlobalSection
	GlobalSection(SolutionProperties) = preSolution
		HideSolutionNode = FALSE
	EndGlobalSection
EndGlobal
